
Microsoft Visual Studio Solution File, Format Version 12.00
Project("{FAE04EC0-301F-11D3-BF4B-00C04F79EFBC}") = "NorthwindWebService", "NorthwindWebService\NorthwindWebService.csproj", "{9C00FF06-91EC-42C3-A45B-20D61F5D0C08}"
EndProject
Project("{FAE04EC0-301F-11D3-BF4B-00C04F79EFBC}") = "NorthwindDataService", "NorthwindDataService\NorthwindDataService.csproj", "{C15A1113-CEA4-4A72-A4E1-6CFD3F51524D}"
EndProject
Project("{FAE04EC0-301F-11D3-BF4B-00C04F79EFBC}") = "UnitTest", "UnitTest\UnitTest.csproj", "{9B8E9CB8-3B8A-49A7-8FCA-221FF3A4DE56}"
EndProject
Global
	GlobalSection(SolutionConfigurationPlatforms) = preSolution
		Debug|Any CPU = Debug|Any CPU
		Release|Any CPU = Release|Any CPU
	EndGlobalSection
	GlobalSection(ProjectConfigurationPlatforms) = postSolution
		{9C00FF06-91EC-42C3-A45B-20D61F5D0C08}.Debug|Any CPU.ActiveCfg = Debug|Any CPU
		{9C00FF06-91EC-42C3-A45B-20D61F5D0C08}.Debug|Any CPU.Build.0 = Debug|Any CPU
		{9C00FF06-91EC-42C3-A45B-20D61F5D0C08}.Release|Any CPU.ActiveCfg = Release|Any CPU
		{9C00FF06-91EC-42C3-A45B-20D61F5D0C08}.Release|Any CPU.Build.0 = Release|Any CPU
		{C15A1113-CEA4-4A72-A4E1-6CFD3F51524D}.Debug|Any CPU.ActiveCfg = Debug|Any CPU
		{C15A1113-CEA4-4A72-A4E1-6CFD3F51524D}.Debug|Any CPU.Build.0 = Debug|Any CPU
		{C15A1113-CEA4-4A72-A4E1-6CFD3F51524D}.Release|Any CPU.ActiveCfg = Release|Any CPU
		{C15A1113-CEA4-4A72-A4E1-6CFD3F51524D}.Release|Any CPU.Build.0 = Release|Any CPU
		{9B8E9CB8-3B8A-49A7-8FCA-221FF3A4DE56}.Debug|Any CPU.ActiveCfg = Debug|Any CPU
		{9B8E9CB8-3B8A-49A7-8FCA-221FF3A4DE56}.Debug|Any CPU.Build.0 = Debug|Any CPU
		{9B8E9CB8-3B8A-49A7-8FCA-221FF3A4DE56}.Release|Any CPU.ActiveCfg = Release|Any CPU
		{9B8E9CB8-3B8A-49A7-8FCA-221FF3A4DE56}.Release|Any CPU.Build.0 = Release|Any CPU
	EndGlobalSection
EndGlobal
